
Microsoft Visual Studio Solution File, Format Version 10.00
# Visual C++ Express 2008
Project("{8BC9CEB8-8B4A-11D0-8D11-00A0C91BC942}") = "mapidb_test_database", "mapidb_test_database\mapidb_test_database.vcproj", "{4940CF01-7DF1-4D8B-BA80-B5F435CEA05D}"
	ProjectSection(ProjectDependencies) = postProject
		{62B73BEA-ED71-470C-8B44-02BCFB209E3E} = {62B73BEA-ED71-470C-8B44-02BCFB209E3E}
		{F7F76707-A028-40E5-9B58-295E6F64C732} = {F7F76707-A028-40E5-9B58-295E6F64C732}
	EndProjectSection
EndProject
Project("{8BC9CEB8-8B4A-11D0-8D11-00A0C91BC942}") = "mapidb_test_error", "mapidb_test_error\mapidb_test_error.vcproj", "{EA58C65E-99B1-4900-B5DB-B64350DA7A96}"
	ProjectSection(ProjectDependencies) = postProject
		{62B73BEA-ED71-470C-8B44-02BCFB209E3E} = {62B73BEA-ED71-470C-8B44-02BCFB209E3E}
	EndProjectSection
EndProject
Project("{8BC9CEB8-8B4A-11D0-8D11-00A0C91BC942}") = "mapidb_test_folder", "mapidb_test_folder\mapidb_test_folder.vcproj", "{0927E3E0-7A81-488A-9D56-98C85DD461C5}"
	ProjectSection(ProjectDependencies) = postProject
		{62B73BEA-ED71-470C-8B44-02BCFB209E3E} = {62B73BEA-ED71-470C-8B44-02BCFB209E3E}
		{F7F76707-A028-40E5-9B58-295E6F64C732} = {F7F76707-A028-40E5-9B58-295E6F64C732}
	EndProjectSection
EndProject
Project("{8BC9CEB8-8B4A-11D0-8D11-00A0C91BC942}") = "mapidb_test_support", "mapidb_test_support\mapidb_test_support.vcproj", "{6CD4DCA7-C15F-4C7C-A02D-9A7D04FE0F32}"
	ProjectSection(ProjectDependencies) = postProject
		{62B73BEA-ED71-470C-8B44-02BCFB209E3E} = {62B73BEA-ED71-470C-8B44-02BCFB209E3E}
	EndProjectSection
EndProject
Project("{8BC9CEB8-8B4A-11D0-8D11-00A0C91BC942}") = "libmapidb", "libmapidb\libmapidb.vcproj", "{62B73BEA-ED71-470C-8B44-02BCFB209E3E}"
	ProjectSection(ProjectDependencies) = postProject
		{F7F76707-A028-40E5-9B58-295E6F64C732} = {F7F76707-A028-40E5-9B58-295E6F64C732}
		{968E17CC-B508-4DF2-8D9B-29C21BC1A102} = {968E17CC-B508-4DF2-8D9B-29C21BC1A102}
	EndProjectSection
EndProject
Project("{8BC9CEB8-8B4A-11D0-8D11-00A0C91BC942}") = "libcerror", "libcerror\libcerror.vcproj", "{F7F76707-A028-40E5-9B58-295E6F64C732}"
EndProject
Project("{8BC9CEB8-8B4A-11D0-8D11-00A0C91BC942}") = "libcnotify", "libcnotify\libcnotify.vcproj", "{968E17CC-B508-4DF2-8D9B-29C21BC1A102}"
	ProjectSection(ProjectDependencies) = postProject
		{F7F76707-A028-40E5-9B58-295E6F64C732} = {F7F76707-A028-40E5-9B58-295E6F64C732}
	EndProjectSection
EndProject
Global
	GlobalSection(SolutionConfigurationPlatforms) = preSolution
		Release|Win32 = Release|Win32
		VSDebug|Win32 = VSDebug|Win32
	EndGlobalSection
	GlobalSection(ProjectConfigurationPlatforms) = postSolution
		{4940CF01-7DF1-4D8B-BA80-B5F435CEA05D}.Release|Win32.ActiveCfg = Release|Win32
		{4940CF01-7DF1-4D8B-BA80-B5F435CEA05D}.Release|Win32.Build.0 = Release|Win32
		{4940CF01-7DF1-4D8B-BA80-B5F435CEA05D}.VSDebug|Win32.ActiveCfg = VSDebug|Win32
		{4940CF01-7DF1-4D8B-BA80-B5F435CEA05D}.VSDebug|Win32.Build.0 = VSDebug|Win32
		{EA58C65E-99B1-4900-B5DB-B64350DA7A96}.Release|Win32.ActiveCfg = Release|Win32
		{EA58C65E-99B1-4900-B5DB-B64350DA7A96}.Release|Win32.Build.0 = Release|Win32
		{EA58C65E-99B1-4900-B5DB-B64350DA7A96}.VSDebug|Win32.ActiveCfg = VSDebug|Win32
		{EA58C65E-99B1-4900-B5DB-B64350DA7A96}.VSDebug|Win32.Build.0 = VSDebug|Win32
		{0927E3E0-7A81-488A-9D56-98C85DD461C5}.Release|Win32.ActiveCfg = Release|Win32
		{0927E3E0-7A81-488A-9D56-98C85DD461C5}.Release|Win32.Build.0 = Release|Win32
		{0927E3E0-7A81-488A-9D56-98C85DD461C5}.VSDebug|Win32.ActiveCfg = VSDebug|Win32
		{0927E3E0-7A81-488A-9D56-98C85DD461C5}.VSDebug|Win32.Build.0 = VSDebug|Win32
		{6CD4DCA7-C15F-4C7C-A02D-9A7D04FE0F32}.Release|Win32.ActiveCfg = Release|Win32
		{6CD4DCA7-C15F-4C7C-A02D-9A7D04FE0F32}.Release|Win32.Build.0 = Release|Win32
		{6CD4DCA7-C15F-4C7C-A02D-9A7D04FE0F32}.VSDebug|Win32.ActiveCfg = VSDebug|Win32
		{6CD4DCA7-C15F-4C7C-A02D-9A7D04FE0F32}.VSDebug|Win32.Build.0 = VSDebug|Win32
		{62B73BEA-ED71-470C-8B44-02BCFB209E3E}.Release|Win32.ActiveCfg = Release|Win32
		{62B73BEA-ED71-470C-8B44-02BCFB209E3E}.Release|Win32.Build.0 = Release|Win32
		{62B73BEA-ED71-470C-8B44-02BCFB209E3E}.VSDebug|Win32.ActiveCfg = VSDebug|Win32
		{62B73BEA-ED71-470C-8B44-02BCFB209E3E}.VSDebug|Win32.Build.0 = VSDebug|Win32
		{F7F76707-A028-40E5-9B58-295E6F64C732}.Release|Win32.ActiveCfg = Release|Win32
		{F7F76707-A028-40E5-9B58-295E6F64C732}.Release|Win32.Build.0 = Release|Win32
		{F7F76707-A028-40E5-9B58-295E6F64C732}.VSDebug|Win32.ActiveCfg = VSDebug|Win32
		{F7F76707-A028-40E5-9B58-295E6F64C732}.VSDebug|Win32.Build.0 = VSDebug|Win32
		{968E17CC-B508-4DF2-8D9B-29C21BC1A102}.Release|Win32.ActiveCfg = Release|Win32
		{968E17CC-B508-4DF2-8D9B-29C21BC1A102}.Release|Win32.Build.0 = Release|Win32
		{968E17CC-B508-4DF2-8D9B-29C21BC1A102}.VSDebug|Win32.ActiveCfg = VSDebug|Win32
		{968E17CC-B508-4DF2-8D9B-29C21BC1A102}.VSDebug|Win32.Build.0 = VSDebug|Win32
	EndGlobalSection
	GlobalSection(SolutionProperties) = preSolution
		HideSolutionNode = FALSE
	EndGlobalSection
EndGlobal
